
Microsoft Visual Studio Solution File, Format Version 12.00
# Visual Studio Version 17
VisualStudioVersion = 17.5.33530.505
MinimumVisualStudioVersion = 10.0.40219.1
Project("{FAE04EC0-301F-11D3-BF4B-00C04F79EFBC}") = "EventAndDelegate", "EventAndDelegate\EventAndDelegate.csproj", "{3AC19681-3BCB-4747-82B1-808FD68AC543}"
EndProject
Global
	GlobalSection(SolutionConfigurationPlatforms) = preSolution
		Debug|Any CPU = Debug|Any CPU
		Release|Any CPU = Release|Any CPU
	EndGlobalSection
	GlobalSection(ProjectConfigurationPlatforms) = postSolution
		{3AC19681-3BCB-4747-82B1-808FD68AC543}.Debug|Any CPU.ActiveCfg = Debug|Any CPU
		{3AC19681-3BCB-4747-82B1-808FD68AC543}.Debug|Any CPU.Build.0 = Debug|Any CPU
		{3AC19681-3BCB-4747-82B1-808FD68AC543}.Release|Any CPU.ActiveCfg = Release|Any CPU
		{3AC19681-3BCB-4747-82B1-808FD68AC543}.Release|Any CPU.Build.0 = Release|Any CPU
	EndGlobalSection
	GlobalSection(SolutionProperties) = preSolution
		HideSolutionNode = FALSE
	EndGlobalSection
	GlobalSection(ExtensibilityGlobals) = postSolution
		SolutionGuid = {03D239F5-039E-47A6-8656-F3EE94332E72}
	EndGlobalSection
EndGlobal
